
Microsoft Visual Studio Solution File, Format Version 12.00
# Visual Studio 15
VisualStudioVersion = 15.0.27004.2006
MinimumVisualStudioVersion = 10.0.40219.1
Project("{FAE04EC0-301F-11D3-BF4B-00C04F79EFBC}") = "Proyecto", "Proyecto\Proyecto.csproj", "{9484DB32-2763-4C89-A5E6-D5E4E8AEB8F2}"
EndProject
Project("{FAE04EC0-301F-11D3-BF4B-00C04F79EFBC}") = "Librería de Clases", "Librería de Clases\Librería de Clases.csproj", "{3B71AB39-5CEF-4BD7-8B39-7EC7F71E708E}"
EndProject
Global
	GlobalSection(SolutionConfigurationPlatforms) = preSolution
		Debug|Any CPU = Debug|Any CPU
		Release|Any CPU = Release|Any CPU
	EndGlobalSection
	GlobalSection(ProjectConfigurationPlatforms) = postSolution
		{9484DB32-2763-4C89-A5E6-D5E4E8AEB8F2}.Debug|Any CPU.ActiveCfg = Debug|Any CPU
		{9484DB32-2763-4C89-A5E6-D5E4E8AEB8F2}.Debug|Any CPU.Build.0 = Debug|Any CPU
		{9484DB32-2763-4C89-A5E6-D5E4E8AEB8F2}.Release|Any CPU.ActiveCfg = Release|Any CPU
		{9484DB32-2763-4C89-A5E6-D5E4E8AEB8F2}.Release|Any CPU.Build.0 = Release|Any CPU
		{3B71AB39-5CEF-4BD7-8B39-7EC7F71E708E}.Debug|Any CPU.ActiveCfg = Debug|Any CPU
		{3B71AB39-5CEF-4BD7-8B39-7EC7F71E708E}.Debug|Any CPU.Build.0 = Debug|Any CPU
		{3B71AB39-5CEF-4BD7-8B39-7EC7F71E708E}.Release|Any CPU.ActiveCfg = Release|Any CPU
		{3B71AB39-5CEF-4BD7-8B39-7EC7F71E708E}.Release|Any CPU.Build.0 = Release|Any CPU
	EndGlobalSection
	GlobalSection(SolutionProperties) = preSolution
		HideSolutionNode = FALSE
	EndGlobalSection
	GlobalSection(ExtensibilityGlobals) = postSolution
		SolutionGuid = {067D6F3D-328B-461A-B7B0-F84C69EAFC88}
	EndGlobalSection
EndGlobal
